PODS:
  - AMap3DMap-NO-IDFA (5.2.1):
    - AMapFoundation-NO-IDFA (~> 1.3)
  - AMapFoundation-NO-IDFA (1.4.0)
  - Masonry (1.0.2)
  - RongCloudIM/IMKit (2.8.13):
    - RongCloudIM/IMLib
  - RongCloudIM/IMLib (2.8.13)
  - SwiftHEXColors (1.1.0)

DEPENDENCIES:
  - AMap3DMap-NO-IDFA
  - Masonry
  - RongCloudIM/IMKit (~> 2.8.3)
  - RongCloudIM/IMLib (~> 2.8.3)
  - SwiftHEXColors

SPEC CHECKSUMS:
  AMap3DMap-NO-IDFA: ce3c57a3e0bd65ae09040ce55055b2020ab47783
  AMapFoundation-NO-IDFA: d1ba541a56737c2048115a745b1dfcbe9901c248
  Masonry: 7c429b56da9d4ee0bbb3ed77a5ea710d6a5df39e
  RongCloudIM: bfaeb83dcfaf6b2039434f3692d328430de215c7
  SwiftHEXColors: 8f7e364df7929e32cff9f9eeb044bb215167d6be

PODFILE CHECKSUM: a2ca0d377f1a23961f5cfb9fd018f478dcb850ef

COCOAPODS: 1.2.1
