PODS:
  - AMap2DMap-NO-IDFA (4.6.0):
    - AMapFoundation-NO-IDFA (~> 1.3)
  - AMapFoundation-NO-IDFA (1.4.0)
  - RongCloudIM/IMKit (2.8.12):
    - RongCloudIM/IMLib
  - RongCloudIM/IMLib (2.8.12)

DEPENDENCIES:
  - AMap2DMap-NO-IDFA
  - RongCloudIM/IMKit (~> 2.8.3)
  - RongCloudIM/IMLib (~> 2.8.3)

SPEC CHECKSUMS:
  AMap2DMap-NO-IDFA: 01c80e7e93568617b1b1b452cfec71f974f5bc8a
  AMapFoundation-NO-IDFA: d1ba541a56737c2048115a745b1dfcbe9901c248
  RongCloudIM: 13599772038afa20dc62aff70c620b9305e6ac96

PODFILE CHECKSUM: dfb78e3cbadd457c458b20ebb067a883dd0ed2ac

COCOAPODS: 1.2.1
